<?xml version="1.0" encoding="utf-8"?>
<Project ToolsVersion="4.0" xmlns="http://schemas.microsoft.com/developer/msbuild/2003">
  <ItemGroup>
    <ClCompile Include="enemy.cpp">
      <Filter>Source files</Filter>
    </ClCompile>
    <ClCompile Include="character.cpp">
      <Filter>Source files</Filter>
    </ClCompile>
    <ClCompile Include="dungeon.cpp">
      <Filter>Source files</Filter>
    </ClCompile>
    <ClCompile Include="globals.cpp">
      <Filter>Source files</Filter>
    </ClCompile>
    <ClCompile Include="hero.cpp">
      <Filter>Source files</Filter>
    </ClCompile>
    <ClCompile Include="Inventory.cpp">
      <Filter>Source files</Filter>
    </ClCompile>
    <ClCompile Include="item.cpp">
      <Filter>Source files\Items</Filter>
    </ClCompile>
    <ClCompile Include="potion.cpp">
      <Filter>Source files\Items</Filter>
    </ClCompile>
    <ClCompile Include="RogueLike.cpp">
      <Filter>Source files</Filter>
    </ClCompile>
    <ClCompile Include="room.cpp">
      <Filter>Source files</Filter>
    </ClCompile>
    <ClCompile Include="stdafx.cpp">
      <Filter>Source files</Filter>
    </ClCompile>
    <ClCompile Include="EnemyFactory.cpp">
      <Filter>Source files</Filter>
    </ClCompile>
    <ClCompile Include="game.cpp">
      <Filter>Source files</Filter>
    </ClCompile>
    <ClCompile Include="inputHandler.cpp">
      <Filter>Source files</Filter>
    </ClCompile>
    <ClCompile Include="grenade.cpp">
      <Filter>Source files\Items</Filter>
    </ClCompile>
    <ClCompile Include="heroSaveData.cpp">
      <Filter>Source files</Filter>
    </ClCompile>
  </ItemGroup>
  <ItemGroup>
    <ClInclude Include="enemy.h">
      <Filter>Header files</Filter>
    </ClInclude>
    <ClInclude Include="character.h">
      <Filter>Header files</Filter>
    </ClInclude>
    <ClInclude Include="dungeon.h">
      <Filter>Header files</Filter>
    </ClInclude>
    <ClInclude Include="actions.h">
      <Filter>Header files</Filter>
    </ClInclude>
    <ClInclude Include="game.h">
      <Filter>Header files</Filter>
    </ClInclude>
    <ClInclude Include="globals.h">
      <Filter>Header files</Filter>
    </ClInclude>
    <ClInclude Include="hero.h">
      <Filter>Header files</Filter>
    </ClInclude>
    <ClInclude Include="inventory.h">
      <Filter>Header files</Filter>
    </ClInclude>
    <ClInclude Include="item.h">
      <Filter>Header files\Items</Filter>
    </ClInclude>
    <ClInclude Include="potion.h">
      <Filter>Header files\Items</Filter>
    </ClInclude>
    <ClInclude Include="room.h">
      <Filter>Header files</Filter>
    </ClInclude>
    <ClInclude Include="stdafx.h">
      <Filter>Header files</Filter>
    </ClInclude>
    <ClInclude Include="targetver.h">
      <Filter>Header files</Filter>
    </ClInclude>
    <ClInclude Include="enemyFactory.h">
      <Filter>Header files</Filter>
    </ClInclude>
    <ClInclude Include="inputHandler.h">
      <Filter>Header files</Filter>
    </ClInclude>
    <ClInclude Include="grenade.h">
      <Filter>Header files\Items</Filter>
    </ClInclude>
    <ClInclude Include="heroSaveData.h">
      <Filter>Header files</Filter>
    </ClInclude>
    <ClInclude Include="commands.h">
      <Filter>Header files</Filter>
    </ClInclude>
  </ItemGroup>
  <ItemGroup>
    <Filter Include="Header files">
      <UniqueIdentifier>{15d8aa75-b714-4209-bdba-8e17df49272c}</UniqueIdentifier>
    </Filter>
    <Filter Include="Source files">
      <UniqueIdentifier>{bf1b75b4-0ef1-4ed0-bb8e-281fe5a2a4f5}</UniqueIdentifier>
    </Filter>
    <Filter Include="Header files\Items">
      <UniqueIdentifier>{1f87fd4f-f17d-49b4-a5aa-026d3746b804}</UniqueIdentifier>
    </Filter>
    <Filter Include="Source files\Items">
      <UniqueIdentifier>{0670f8a6-f950-4b90-9e7b-0f30cd9cf42d}</UniqueIdentifier>
    </Filter>
  </ItemGroup>
</Project>